// !$*UTF8*$!
{
	archiveVersion = 1;
	classes = {
	};
	objectVersion = 46;
	objects = {

/* Begin PBXBuildFile section */
		74B85CC21ABE0B66006D8EFD /* main.m in Sources */ = {isa = PBXBuildFile; fileRef = 74B85CC11ABE0B66006D8EFD /* main.m */; };
		74B85CC51ABE0B66006D8EFD /* AppDelegate.m in Sources */ = {isa = PBXBuildFile; fileRef = 74B85CC41ABE0B66006D8EFD /* AppDelegate.m */; };
		74B85CC81ABE0B66006D8EFD /* HomeViewController.m in Sources */ = {isa = PBXBuildFile; fileRef = 74B85CC71ABE0B66006D8EFD /* HomeViewController.m */; };
		74B85CCB1ABE0B66006D8EFD /* Main.storyboard in Resources */ = {isa = PBXBuildFile; fileRef = 74B85CC91ABE0B66006D8EFD /* Main.storyboard */; };
		74B85CCD1ABE0B66006D8EFD /* Images.xcassets in Resources */ = {isa = PBXBuildFile; fileRef = 74B85CCC1ABE0B66006D8EFD /* Images.xcassets */; };
		74B85CD01ABE0B66006D8EFD /* LaunchScreen.xib in Resources */ = {isa = PBXBuildFile; fileRef = 74B85CCE1ABE0B66006D8EFD /* LaunchScreen.xib */; };
		74B85CDC1ABE0B67006D8EFD /* MySegueTests.m in Sources */ = {isa = PBXBuildFile; fileRef = 74B85CDB1ABE0B67006D8EFD /* MySegueTests.m */; };
		74B85CE71ABE1855006D8EFD /* SettingsViewController.m in Sources */ = {isa = PBXBuildFile; fileRef = 74B85CE61ABE1855006D8EFD /* SettingsViewController.m */; };
		74B85CEA1ABE1991006D8EFD /* settings.png in Resources */ = {isa = PBXBuildFile; fileRef = 74B85CE81ABE1991006D8EFD /* settings.png */; };
		74B85CEB1ABE1991006D8EFD /* settings@2x.png in Resources */ = {isa = PBXBuildFile; fileRef = 74B85CE91ABE1991006D8EFD /* settings@2x.png */; };
/* End PBXBuildFile section */

/* Begin PBXContainerItemProxy section */
		74B85CD61ABE0B67006D8EFD /* PBXContainerItemProxy */ = {
			isa = PBXContainerItemProxy;
			containerPortal = 74B85CB41ABE0B66006D8EFD /* Project object */;
			proxyType = 1;
			remoteGlobalIDString = 74B85CBB1ABE0B66006D8EFD;
			remoteInfo = MySegue;
		};
/* End PBXContainerItemProxy section */

/* Begin PBXFileReference section */
		74B85CBC1ABE0B66006D8EFD /* MySegue.app */ = {isa = PBXFileReference; explicitFileType = wrapper.application; includeInIndex = 0; path = MySegue.app; sourceTree = BUILT_PRODUCTS_DIR; };
		74B85CC01ABE0B66006D8EFD /* Info.plist */ = {isa = PBXFileReference; lastKnownFileType = text.plist.xml; path = Info.plist; sourceTree = "<group>"; };
		74B85CC11ABE0B66006D8EFD /* main.m */ = {isa = PBXFileReference; lastKnownFileType = sourcecode.c.objc; path = main.m; sourceTree = "<group>"; };
		74B85CC31ABE0B66006D8EFD /* AppDelegate.h */ = {isa = PBXFileReference; lastKnownFileType = sourcecode.c.h; path = AppDelegate.h; sourceTree = "<group>"; };
		74B85CC41ABE0B66006D8EFD /* AppDelegate.m */ = {isa = PBXFileReference; lastKnownFileType = sourcecode.c.objc; path = AppDelegate.m; sourceTree = "<group>"; };
		74B85CC61ABE0B66006D8EFD /* HomeViewController.h */ = {isa = PBXFileReference; lastKnownFileType = sourcecode.c.h; path = HomeViewController.h; sourceTree = "<group>"; };
		74B85CC71ABE0B66006D8EFD /* HomeViewController.m */ = {isa = PBXFileReference; lastKnownFileType = sourcecode.c.objc; path = HomeViewController.m; sourceTree = "<group>"; };
		74B85CCA1ABE0B66006D8EFD /* Base */ = {isa = PBXFileReference; lastKnownFileType = file.storyboard; name = Base; path = Base.lproj/Main.storyboard; sourceTree = "<group>"; };
		74B85CCC1ABE0B66006D8EFD /* Images.xcassets */ = {isa = PBXFileReference; lastKnownFileType = folder.assetcatalog; path = Images.xcassets; sourceTree = "<group>"; };
		74B85CCF1ABE0B66006D8EFD /* Base */ = {isa = PBXFileReference; lastKnownFileType = file.xib; name = Base; path = Base.lproj/LaunchScreen.xib; sourceTree = "<group>"; };
		74B85CD51ABE0B67006D8EFD /* MySegueTests.xctest */ = {isa = PBXFileReference; explicitFileType = wrapper.cfbundle; includeInIndex = 0; path = MySegueTests.xctest; sourceTree = BUILT_PRODUCTS_DIR; };
		74B85CDA1ABE0B67006D8EFD /* Info.plist */ = {isa = PBXFileReference; lastKnownFileType = text.plist.xml; path = Info.plist; sourceTree = "<group>"; };
		74B85CDB1ABE0B67006D8EFD /* MySegueTests.m */ = {isa = PBXFileReference; lastKnownFileType = sourcecode.c.objc; path = MySegueTests.m; sourceTree = "<group>"; };
		74B85CE51ABE1855006D8EFD /* SettingsViewController.h */ = {isa = PBXFileReference; fileEncoding = 4; lastKnownFileType = sourcecode.c.h; path = SettingsViewController.h; sourceTree = "<group>"; };
		74B85CE61ABE1855006D8EFD /* SettingsViewController.m */ = {isa = PBXFileReference; fileEncoding = 4; lastKnownFileType = sourcecode.c.objc; path = SettingsViewController.m; sourceTree = "<group>"; };
		74B85CE81ABE1991006D8EFD /* settings.png */ = {isa = PBXFileReference; lastKnownFileType = image.png; path = settings.png; sourceTree = "<group>"; };
		74B85CE91ABE1991006D8EFD /* settings@2x.png */ = {isa = PBXFileReference; lastKnownFileType = image.png; path = "settings@2x.png"; sourceTree = "<group>"; };
/* End PBXFileReference section */

/* Begin PBXFrameworksBuildPhase section */
		74B85CB91ABE0B66006D8EFD /* Frameworks */ = {
			isa = PBXFrameworksBuildPhase;
			buildActionMask = 2147483647;
			files = (
			);
			runOnlyForDeploymentPostprocessing = 0;
		};
		74B85CD21ABE0B67006D8EFD /* Frameworks */ = {
			isa = PBXFrameworksBuildPhase;
			buildActionMask = 2147483647;
			files = (
			);
			runOnlyForDeploymentPostprocessing = 0;
		};
/* End PBXFrameworksBuildPhase section */

/* Begin PBXGroup section */
		74B85CB31ABE0B66006D8EFD = {
			isa = PBXGroup;
			children = (
				74B85CBE1ABE0B66006D8EFD /* MySegue */,
				74B85CD81ABE0B67006D8EFD /* MySegueTests */,
				74B85CBD1ABE0B66006D8EFD /* Products */,
			);
			sourceTree = "<group>";
		};
		74B85CBD1ABE0B66006D8EFD /* Products */ = {
			isa = PBXGroup;
			children = (
				74B85CBC1ABE0B66006D8EFD /* MySegue.app */,
				74B85CD51ABE0B67006D8EFD /* MySegueTests.xctest */,
			);
			name = Products;
			sourceTree = "<group>";
		};
		74B85CBE1ABE0B66006D8EFD /* MySegue */ = {
			isa = PBXGroup;
			children = (
				74B85CE81ABE1991006D8EFD /* settings.png */,
				74B85CE91ABE1991006D8EFD /* settings@2x.png */,
				74B85CC31ABE0B66006D8EFD /* AppDelegate.h */,
				74B85CC41ABE0B66006D8EFD /* AppDelegate.m */,
				74B85CC61ABE0B66006D8EFD /* HomeViewController.h */,
				74B85CC71ABE0B66006D8EFD /* HomeViewController.m */,
				74B85CC91ABE0B66006D8EFD /* Main.storyboard */,
				74B85CE51ABE1855006D8EFD /* SettingsViewController.h */,
				74B85CE61ABE1855006D8EFD /* SettingsViewController.m */,
				74B85CCC1ABE0B66006D8EFD /* Images.xcassets */,
				74B85CCE1ABE0B66006D8EFD /* LaunchScreen.xib */,
				74B85CBF1ABE0B66006D8EFD /* Supporting Files */,
			);
			path = MySegue;
			sourceTree = "<group>";
		};
		74B85CBF1ABE0B66006D8EFD /* Supporting Files */ = {
			isa = PBXGroup;
			children = (
				74B85CC01ABE0B66006D8EFD /* Info.plist */,
				74B85CC11ABE0B66006D8EFD /* main.m */,
			);
			name = "Supporting Files";
			sourceTree = "<group>";
		};
		74B85CD81ABE0B67006D8EFD /* MySegueTests */ = {
			isa = PBXGroup;
			children = (
				74B85CDB1ABE0B67006D8EFD /* MySegueTests.m */,
				74B85CD91ABE0B67006D8EFD /* Supporting Files */,
			);
			path = MySegueTests;
			sourceTree = "<group>";
		};
		74B85CD91ABE0B67006D8EFD /* Supporting Files */ = {
			isa = PBXGroup;
			children = (
				74B85CDA1ABE0B67006D8EFD /* Info.plist */,
			);
			name = "Supporting Files";
			sourceTree = "<group>";
		};
/* End PBXGroup section */

/* Begin PBXNativeTarget section */
		74B85CBB1ABE0B66006D8EFD /* MySegue */ = {
			isa = PBXNativeTarget;
			buildConfigurationList = 74B85CDF1ABE0B67006D8EFD /* Build configuration list for PBXNativeTarget "MySegue" */;
			buildPhases = (
				74B85CB81ABE0B66006D8EFD /* Sources */,
				74B85CB91ABE0B66006D8EFD /* Frameworks */,
				74B85CBA1ABE0B66006D8EFD /* Resources */,
			);
			buildRules = (
			);
			dependencies = (
			);
			name = MySegue;
			productName = MySegue;
			productReference = 74B85CBC1ABE0B66006D8EFD /* MySegue.app */;
			productType = "com.apple.product-type.application";
		};
		74B85CD41ABE0B67006D8EFD /* MySegueTests */ = {
			isa = PBXNativeTarget;
			buildConfigurationList = 74B85CE21ABE0B67006D8EFD /* Build configuration list for PBXNativeTarget "MySegueTests" */;
			buildPhases = (
				74B85CD11ABE0B67006D8EFD /* Sources */,
				74B85CD21ABE0B67006D8EFD /* Frameworks */,
				74B85CD31ABE0B67006D8EFD /* Resources */,
			);
			buildRules = (
			);
			dependencies = (
				74B85CD71ABE0B67006D8EFD /* PBXTargetDependency */,
			);
			name = MySegueTests;
			productName = MySegueTests;
			productReference = 74B85CD51ABE0B67006D8EFD /* MySegueTests.xctest */;
			productType = "com.apple.product-type.bundle.unit-test";
		};
/* End PBXNativeTarget section */

/* Begin PBXProject section */
		74B85CB41ABE0B66006D8EFD /* Project object */ = {
			isa = PBXProject;
			attributes = {
				LastUpgradeCheck = 0620;
				ORGANIZATIONNAME = "Alexander Farber";
				TargetAttributes = {
					74B85CBB1ABE0B66006D8EFD = {
						CreatedOnToolsVersion = 6.2;
					};
					74B85CD41ABE0B67006D8EFD = {
						CreatedOnToolsVersion = 6.2;
						TestTargetID = 74B85CBB1ABE0B66006D8EFD;
					};
				};
			};
			buildConfigurationList = 74B85CB71ABE0B66006D8EFD /* Build configuration list for PBXProject "MySegue" */;
			compatibilityVersion = "Xcode 3.2";
			developmentRegion = English;
			hasScannedForEncodings = 0;
			knownRegions = (
				en,
				Base,
			);
			mainGroup = 74B85CB31ABE0B66006D8EFD;
			productRefGroup = 74B85CBD1ABE0B66006D8EFD /* Products */;
			projectDirPath = "";
			projectRoot = "";
			targets = (
				74B85CBB1ABE0B66006D8EFD /* MySegue */,
				74B85CD41ABE0B67006D8EFD /* MySegueTests */,
			);
		};
/* End PBXProject section */

/* Begin PBXResourcesBuildPhase section */
		74B85CBA1ABE0B66006D8EFD /* Resources */ = {
			isa = PBXResourcesBuildPhase;
			buildActionMask = 2147483647;
			files = (
				74B85CEB1ABE1991006D8EFD /* settings@2x.png in Resources */,
				74B85CEA1ABE1991006D8EFD /* settings.png in Resources */,
				74B85CCB1ABE0B66006D8EFD /* Main.storyboard in Resources */,
				74B85CD01ABE0B66006D8EFD /* LaunchScreen.xib in Resources */,
				74B85CCD1ABE0B66006D8EFD /* Images.xcassets in Resources */,
			);
			runOnlyForDeploymentPostprocessing = 0;
		};
		74B85CD31ABE0B67006D8EFD /* Resources */ = {
			isa = PBXResourcesBuildPhase;
			buildActionMask = 2147483647;
			files = (
			);
			runOnlyForDeploymentPostprocessing = 0;
		};
/* End PBXResourcesBuildPhase section */

/* Begin PBXSourcesBuildPhase section */
		74B85CB81ABE0B66006D8EFD /* Sources */ = {
			isa = PBXSourcesBuildPhase;
			buildActionMask = 2147483647;
			files = (
				74B85CC81ABE0B66006D8EFD /* HomeViewController.m in Sources */,
				74B85CC51ABE0B66006D8EFD /* AppDelegate.m in Sources */,
				74B85CC21ABE0B66006D8EFD /* main.m in Sources */,
				74B85CE71ABE1855006D8EFD /* SettingsViewController.m in Sources */,
			);
			runOnlyForDeploymentPostprocessing = 0;
		};
		74B85CD11ABE0B67006D8EFD /* Sources */ = {
			isa = PBXSourcesBuildPhase;
			buildActionMask = 2147483647;
			files = (
				74B85CDC1ABE0B67006D8EFD /* MySegueTests.m in Sources */,
			);
			runOnlyForDeploymentPostprocessing = 0;
		};
/* End PBXSourcesBuildPhase section */

/* Begin PBXTargetDependency section */
		74B85CD71ABE0B67006D8EFD /* PBXTargetDependency */ = {
			isa = PBXTargetDependency;
			target = 74B85CBB1ABE0B66006D8EFD /* MySegue */;
			targetProxy = 74B85CD61ABE0B67006D8EFD /* PBXContainerItemProxy */;
		};
/* End PBXTargetDependency section */

/* Begin PBXVariantGroup section */
		74B85CC91ABE0B66006D8EFD /* Main.storyboard */ = {
			isa = PBXVariantGroup;
			children = (
				74B85CCA1ABE0B66006D8EFD /* Base */,
			);
			name = Main.storyboard;
			sourceTree = "<group>";
		};
		74B85CCE1ABE0B66006D8EFD /* LaunchScreen.xib */ = {
			isa = PBXVariantGroup;
			children = (
				74B85CCF1ABE0B66006D8EFD /* Base */,
			);
			name = LaunchScreen.xib;
			sourceTree = "<group>";
		};
/* End PBXVariantGroup section */

/* Begin XCBuildConfiguration section */
		74B85CDD1ABE0B67006D8EFD /* Debug */ = {
			isa = XCBuildConfiguration;
			buildSettings = {
				ALWAYS_SEARCH_USER_PATHS = NO;
				CLANG_CXX_LANGUAGE_STANDARD = "gnu++0x";
				CLANG_CXX_LIBRARY = "libc++";
				CLANG_ENABLE_MODULES = YES;
				CLANG_ENABLE_OBJC_ARC = YES;
				CLANG_WARN_BOOL_CONVERSION = YES;
				CLANG_WARN_CONSTANT_CONVERSION = YES;
				CLANG_WARN_DIRECT_OBJC_ISA_USAGE = YES_ERROR;
				CLANG_WARN_EMPTY_BODY = YES;
				CLANG_WARN_ENUM_CONVERSION = YES;
				CLANG_WARN_INT_CONVERSION = YES;
				CLANG_WARN_OBJC_ROOT_CLASS = YES_ERROR;
				CLANG_WARN_UNREACHABLE_CODE = YES;
				CLANG_WARN__DUPLICATE_METHOD_MATCH = YES;
				"CODE_SIGN_IDENTITY[sdk=iphoneos*]" = "iPhone Developer";
				COPY_PHASE_STRIP = NO;
				ENABLE_STRICT_OBJC_MSGSEND = YES;
				GCC_C_LANGUAGE_STANDARD = gnu99;
				GCC_DYNAMIC_NO_PIC = NO;
				GCC_OPTIMIZATION_LEVEL = 0;
				GCC_PREPROCESSOR_DEFINITIONS = (
					"DEBUG=1",
					"$(inherited)",
				);
				GCC_SYMBOLS_PRIVATE_EXTERN = NO;
				GCC_WARN_64_TO_32_BIT_CONVERSION = YES;
				GCC_WARN_ABOUT_RETURN_TYPE = YES_ERROR;
				GCC_WARN_UNDECLARED_SELECTOR = YES;
				GCC_WARN_UNINITIALIZED_AUTOS = YES_AGGRESSIVE;
				GCC_WARN_UNUSED_FUNCTION = YES;
				GCC_WARN_UNUSED_VARIABLE = YES;
				IPHONEOS_DEPLOYMENT_TARGET = 8.2;
				MTL_ENABLE_DEBUG_INFO = YES;
				ONLY_ACTIVE_ARCH = YES;
				SDKROOT = iphoneos;
				TARGETED_DEVICE_FAMILY = "1,2";
			};
			name = Debug;
		};
		74B85CDE1ABE0B67006D8EFD /* Release */ = {
			isa = XCBuildConfiguration;
			buildSettings = {
				ALWAYS_SEARCH_USER_PATHS = NO;
				CLANG_CXX_LANGUAGE_STANDARD = "gnu++0x";
				CLANG_CXX_LIBRARY = "libc++";
				CLANG_ENABLE_MODULES = YES;
				CLANG_ENABLE_OBJC_ARC = YES;
				CLANG_WARN_BOOL_CONVERSION = YES;
				CLANG_WARN_CONSTANT_CONVERSION = YES;
				CLANG_WARN_DIRECT_OBJC_ISA_USAGE = YES_ERROR;
				CLANG_WARN_EMPTY_BODY = YES;
				CLANG_WARN_ENUM_CONVERSION = YES;
				CLANG_WARN_INT_CONVERSION = YES;
				CLANG_WARN_OBJC_ROOT_CLASS = YES_ERROR;
				CLANG_WARN_UNREACHABLE_CODE = YES;
				CLANG_WARN__DUPLICATE_METHOD_MATCH = YES;
				"CODE_SIGN_IDENTITY[sdk=iphoneos*]" = "iPhone Developer";
				COPY_PHASE_STRIP = NO;
				ENABLE_NS_ASSERTIONS = NO;
				ENABLE_STRICT_OBJC_MSGSEND = YES;
				GCC_C_LANGUAGE_STANDARD = gnu99;
				GCC_WARN_64_TO_32_BIT_CONVERSION = YES;
				GCC_WARN_ABOUT_RETURN_TYPE = YES_ERROR;
				GCC_WARN_UNDECLARED_SELECTOR = YES;
				GCC_WARN_UNINITIALIZED_AUTOS = YES_AGGRESSIVE;
				GCC_WARN_UNUSED_FUNCTION = YES;
				GCC_WARN_UNUSED_VARIABLE = YES;
				IPHONEOS_DEPLOYMENT_TARGET = 8.2;
				MTL_ENABLE_DEBUG_INFO = NO;
				SDKROOT = iphoneos;
				TARGETED_DEVICE_FAMILY = "1,2";
				VALIDATE_PRODUCT = YES;
			};
			name = Release;
		};
		74B85CE01ABE0B67006D8EFD /* Debug */ = {
			isa = XCBuildConfiguration;
			buildSettings = {
				ASSETCATALOG_COMPILER_APPICON_NAME = AppIcon;
				INFOPLIST_FILE = MySegue/Info.plist;
				LD_RUNPATH_SEARCH_PATHS = "$(inherited) @executable_path/Frameworks";
				PRODUCT_NAME = "$(TARGET_NAME)";
			};
			name = Debug;
		};
		74B85CE11ABE0B67006D8EFD /* Release */ = {
			isa = XCBuildConfiguration;
			buildSettings = {
				ASSETCATALOG_COMPILER_APPICON_NAME = AppIcon;
				INFOPLIST_FILE = MySegue/Info.plist;
				LD_RUNPATH_SEARCH_PATHS = "$(inherited) @executable_path/Frameworks";
				PRODUCT_NAME = "$(TARGET_NAME)";
			};
			name = Release;
		};
		74B85CE31ABE0B67006D8EFD /* Debug */ = {
			isa = XCBuildConfiguration;
			buildSettings = {
				BUNDLE_LOADER = "$(TEST_HOST)";
				FRAMEWORK_SEARCH_PATHS = (
					"$(SDKROOT)/Developer/Library/Frameworks",
					"$(inherited)",
				);
				GCC_PREPROCESSOR_DEFINITIONS = (
					"DEBUG=1",
					"$(inherited)",
				);
				INFOPLIST_FILE = MySegueTests/Info.plist;
				LD_RUNPATH_SEARCH_PATHS = "$(inherited) @executable_path/Frameworks @loader_path/Frameworks";
				PRODUCT_NAME = "$(TARGET_NAME)";
				TEST_HOST = "$(BUILT_PRODUCTS_DIR)/MySegue.app/MySegue";
			};
			name = Debug;
		};
		74B85CE41ABE0B67006D8EFD /* Release */ = {
			isa = XCBuildConfiguration;
			buildSettings = {
				BUNDLE_LOADER = "$(TEST_HOST)";
				FRAMEWORK_SEARCH_PATHS = (
					"$(SDKROOT)/Developer/Library/Frameworks",
					"$(inherited)",
				);
				INFOPLIST_FILE = MySegueTests/Info.plist;
				LD_RUNPATH_SEARCH_PATHS = "$(inherited) @executable_path/Frameworks @loader_path/Frameworks";
				PRODUCT_NAME = "$(TARGET_NAME)";
				TEST_HOST = "$(BUILT_PRODUCTS_DIR)/MySegue.app/MySegue";
			};
			name = Release;
		};
/* End XCBuildConfiguration section */

/* Begin XCConfigurationList section */
		74B85CB71ABE0B66006D8EFD /* Build configuration list for PBXProject "MySegue" */ = {
			isa = XCConfigurationList;
			buildConfigurations = (
				74B85CDD1ABE0B67006D8EFD /* Debug */,
				74B85CDE1ABE0B67006D8EFD /* Release */,
			);
			defaultConfigurationIsVisible = 0;
			defaultConfigurationName = Release;
		};
		74B85CDF1ABE0B67006D8EFD /* Build configuration list for PBXNativeTarget "MySegue" */ = {
			isa = XCConfigurationList;
			buildConfigurations = (
				74B85CE01ABE0B67006D8EFD /* Debug */,
				74B85CE11ABE0B67006D8EFD /* Release */,
			);
			defaultConfigurationIsVisible = 0;
		};
		74B85CE21ABE0B67006D8EFD /* Build configuration list for PBXNativeTarget "MySegueTests" */ = {
			isa = XCConfigurationList;
			buildConfigurations = (
				74B85CE31ABE0B67006D8EFD /* Debug */,
				74B85CE41ABE0B67006D8EFD /* Release */,
			);
			defaultConfigurationIsVisible = 0;
		};
/* End XCConfigurationList section */
	};
	rootObject = 74B85CB41ABE0B66006D8EFD /* Project object */;
}
