// !$*UTF8*$!
{
	archiveVersion = 1;
	classes = {
	};
	objectVersion = 46;
	objects = {

/* Begin PBXBuildFile section */
		84E88B9C19069A1800449739 /* Foundation.framework in Frameworks */ = {isa = PBXBuildFile; fileRef = 84E88B9B19069A1800449739 /* Foundation.framework */; };
		84E88B9E19069A1800449739 /* CoreGraphics.framework in Frameworks */ = {isa = PBXBuildFile; fileRef = 84E88B9D19069A1800449739 /* CoreGraphics.framework */; };
		84E88BA019069A1800449739 /* UIKit.framework in Frameworks */ = {isa = PBXBuildFile; fileRef = 84E88B9F19069A1800449739 /* UIKit.framework */; };
		84E88BA619069A1800449739 /* InfoPlist.strings in Resources */ = {isa = PBXBuildFile; fileRef = 84E88BA419069A1800449739 /* InfoPlist.strings */; };
		84E88BA819069A1800449739 /* main.m in Sources */ = {isa = PBXBuildFile; fileRef = 84E88BA719069A1800449739 /* main.m */; };
		84E88BAC19069A1800449739 /* AppDelegate.m in Sources */ = {isa = PBXBuildFile; fileRef = 84E88BAB19069A1800449739 /* AppDelegate.m */; };
		84E88BAF19069A1800449739 /* Main_iPhone.storyboard in Resources */ = {isa = PBXBuildFile; fileRef = 84E88BAD19069A1800449739 /* Main_iPhone.storyboard */; };
		84E88BB219069A1800449739 /* Main_iPad.storyboard in Resources */ = {isa = PBXBuildFile; fileRef = 84E88BB019069A1800449739 /* Main_iPad.storyboard */; };
		84E88BB519069A1800449739 /* MasterViewController.m in Sources */ = {isa = PBXBuildFile; fileRef = 84E88BB419069A1800449739 /* MasterViewController.m */; };
		84E88BB819069A1800449739 /* DetailViewController.m in Sources */ = {isa = PBXBuildFile; fileRef = 84E88BB719069A1800449739 /* DetailViewController.m */; };
		84E88BBA19069A1800449739 /* Images.xcassets in Resources */ = {isa = PBXBuildFile; fileRef = 84E88BB919069A1800449739 /* Images.xcassets */; };
		84E88BC119069A1800449739 /* XCTest.framework in Frameworks */ = {isa = PBXBuildFile; fileRef = 84E88BC019069A1800449739 /* XCTest.framework */; };
		84E88BC219069A1800449739 /* Foundation.framework in Frameworks */ = {isa = PBXBuildFile; fileRef = 84E88B9B19069A1800449739 /* Foundation.framework */; };
		84E88BC319069A1800449739 /* UIKit.framework in Frameworks */ = {isa = PBXBuildFile; fileRef = 84E88B9F19069A1800449739 /* UIKit.framework */; };
		84E88BCB19069A1800449739 /* InfoPlist.strings in Resources */ = {isa = PBXBuildFile; fileRef = 84E88BC919069A1800449739 /* InfoPlist.strings */; };
		84E88BCD19069A1800449739 /* MasterDetailTests.m in Sources */ = {isa = PBXBuildFile; fileRef = 84E88BCC19069A1800449739 /* MasterDetailTests.m */; };
/* End PBXBuildFile section */

/* Begin PBXContainerItemProxy section */
		84E88BC419069A1800449739 /* PBXContainerItemProxy */ = {
			isa = PBXContainerItemProxy;
			containerPortal = 84E88B9019069A1800449739 /* Project object */;
			proxyType = 1;
			remoteGlobalIDString = 84E88B9719069A1800449739;
			remoteInfo = MasterDetail;
		};
/* End PBXContainerItemProxy section */

/* Begin PBXFileReference section */
		84E88B9819069A1800449739 /* MasterDetail.app */ = {isa = PBXFileReference; explicitFileType = wrapper.application; includeInIndex = 0; path = MasterDetail.app; sourceTree = BUILT_PRODUCTS_DIR; };
		84E88B9B19069A1800449739 /* Foundation.framework */ = {isa = PBXFileReference; lastKnownFileType = wrapper.framework; name = Foundation.framework; path = System/Library/Frameworks/Foundation.framework; sourceTree = SDKROOT; };
		84E88B9D19069A1800449739 /* CoreGraphics.framework */ = {isa = PBXFileReference; lastKnownFileType = wrapper.framework; name = CoreGraphics.framework; path = System/Library/Frameworks/CoreGraphics.framework; sourceTree = SDKROOT; };
		84E88B9F19069A1800449739 /* UIKit.framework */ = {isa = PBXFileReference; lastKnownFileType = wrapper.framework; name = UIKit.framework; path = System/Library/Frameworks/UIKit.framework; sourceTree = SDKROOT; };
		84E88BA319069A1800449739 /* MasterDetail-Info.plist */ = {isa = PBXFileReference; lastKnownFileType = text.plist.xml; path = "MasterDetail-Info.plist"; sourceTree = "<group>"; };
		84E88BA519069A1800449739 /* en */ = {isa = PBXFileReference; lastKnownFileType = text.plist.strings; name = en; path = en.lproj/InfoPlist.strings; sourceTree = "<group>"; };
		84E88BA719069A1800449739 /* main.m */ = {isa = PBXFileReference; lastKnownFileType = sourcecode.c.objc; path = main.m; sourceTree = "<group>"; };
		84E88BA919069A1800449739 /* MasterDetail-Prefix.pch */ = {isa = PBXFileReference; lastKnownFileType = sourcecode.c.h; path = "MasterDetail-Prefix.pch"; sourceTree = "<group>"; };
		84E88BAA19069A1800449739 /* AppDelegate.h */ = {isa = PBXFileReference; lastKnownFileType = sourcecode.c.h; path = AppDelegate.h; sourceTree = "<group>"; };
		84E88BAB19069A1800449739 /* AppDelegate.m */ = {isa = PBXFileReference; lastKnownFileType = sourcecode.c.objc; path = AppDelegate.m; sourceTree = "<group>"; };
		84E88BAE19069A1800449739 /* Base */ = {isa = PBXFileReference; lastKnownFileType = file.storyboard; name = Base; path = Base.lproj/Main_iPhone.storyboard; sourceTree = "<group>"; };
		84E88BB119069A1800449739 /* Base */ = {isa = PBXFileReference; lastKnownFileType = file.storyboard; name = Base; path = Base.lproj/Main_iPad.storyboard; sourceTree = "<group>"; };
		84E88BB319069A1800449739 /* MasterViewController.h */ = {isa = PBXFileReference; lastKnownFileType = sourcecode.c.h; path = MasterViewController.h; sourceTree = "<group>"; };
		84E88BB419069A1800449739 /* MasterViewController.m */ = {isa = PBXFileReference; lastKnownFileType = sourcecode.c.objc; path = MasterViewController.m; sourceTree = "<group>"; };
		84E88BB619069A1800449739 /* DetailViewController.h */ = {isa = PBXFileReference; lastKnownFileType = sourcecode.c.h; path = DetailViewController.h; sourceTree = "<group>"; };
		84E88BB719069A1800449739 /* DetailViewController.m */ = {isa = PBXFileReference; lastKnownFileType = sourcecode.c.objc; path = DetailViewController.m; sourceTree = "<group>"; };
		84E88BB919069A1800449739 /* Images.xcassets */ = {isa = PBXFileReference; lastKnownFileType = folder.assetcatalog; path = Images.xcassets; sourceTree = "<group>"; };
		84E88BBF19069A1800449739 /* MasterDetailTests.xctest */ = {isa = PBXFileReference; explicitFileType = wrapper.cfbundle; includeInIndex = 0; path = MasterDetailTests.xctest; sourceTree = BUILT_PRODUCTS_DIR; };
		84E88BC019069A1800449739 /* XCTest.framework */ = {isa = PBXFileReference; lastKnownFileType = wrapper.framework; name = XCTest.framework; path = Library/Frameworks/XCTest.framework; sourceTree = DEVELOPER_DIR; };
		84E88BC819069A1800449739 /* MasterDetailTests-Info.plist */ = {isa = PBXFileReference; lastKnownFileType = text.plist.xml; path = "MasterDetailTests-Info.plist"; sourceTree = "<group>"; };
		84E88BCA19069A1800449739 /* en */ = {isa = PBXFileReference; lastKnownFileType = text.plist.strings; name = en; path = en.lproj/InfoPlist.strings; sourceTree = "<group>"; };
		84E88BCC19069A1800449739 /* MasterDetailTests.m */ = {isa = PBXFileReference; lastKnownFileType = sourcecode.c.objc; path = MasterDetailTests.m; sourceTree = "<group>"; };
/* End PBXFileReference section */

/* Begin PBXFrameworksBuildPhase section */
		84E88B9519069A1800449739 /* Frameworks */ = {
			isa = PBXFrameworksBuildPhase;
			buildActionMask = 2147483647;
			files = (
				84E88B9E19069A1800449739 /* CoreGraphics.framework in Frameworks */,
				84E88BA019069A1800449739 /* UIKit.framework in Frameworks */,
				84E88B9C19069A1800449739 /* Foundation.framework in Frameworks */,
			);
			runOnlyForDeploymentPostprocessing = 0;
		};
		84E88BBC19069A1800449739 /* Frameworks */ = {
			isa = PBXFrameworksBuildPhase;
			buildActionMask = 2147483647;
			files = (
				84E88BC119069A1800449739 /* XCTest.framework in Frameworks */,
				84E88BC319069A1800449739 /* UIKit.framework in Frameworks */,
				84E88BC219069A1800449739 /* Foundation.framework in Frameworks */,
			);
			runOnlyForDeploymentPostprocessing = 0;
		};
/* End PBXFrameworksBuildPhase section */

/* Begin PBXGroup section */
		84E88B8F19069A1800449739 = {
			isa = PBXGroup;
			children = (
				84E88BA119069A1800449739 /* MasterDetail */,
				84E88BC619069A1800449739 /* MasterDetailTests */,
				84E88B9A19069A1800449739 /* Frameworks */,
				84E88B9919069A1800449739 /* Products */,
			);
			sourceTree = "<group>";
		};
		84E88B9919069A1800449739 /* Products */ = {
			isa = PBXGroup;
			children = (
				84E88B9819069A1800449739 /* MasterDetail.app */,
				84E88BBF19069A1800449739 /* MasterDetailTests.xctest */,
			);
			name = Products;
			sourceTree = "<group>";
		};
		84E88B9A19069A1800449739 /* Frameworks */ = {
			isa = PBXGroup;
			children = (
				84E88B9B19069A1800449739 /* Foundation.framework */,
				84E88B9D19069A1800449739 /* CoreGraphics.framework */,
				84E88B9F19069A1800449739 /* UIKit.framework */,
				84E88BC019069A1800449739 /* XCTest.framework */,
			);
			name = Frameworks;
			sourceTree = "<group>";
		};
		84E88BA119069A1800449739 /* MasterDetail */ = {
			isa = PBXGroup;
			children = (
				84E88BAA19069A1800449739 /* AppDelegate.h */,
				84E88BAB19069A1800449739 /* AppDelegate.m */,
				84E88BAD19069A1800449739 /* Main_iPhone.storyboard */,
				84E88BB019069A1800449739 /* Main_iPad.storyboard */,
				84E88BB319069A1800449739 /* MasterViewController.h */,
				84E88BB419069A1800449739 /* MasterViewController.m */,
				84E88BB619069A1800449739 /* DetailViewController.h */,
				84E88BB719069A1800449739 /* DetailViewController.m */,
				84E88BB919069A1800449739 /* Images.xcassets */,
				84E88BA219069A1800449739 /* Supporting Files */,
			);
			path = MasterDetail;
			sourceTree = "<group>";
		};
		84E88BA219069A1800449739 /* Supporting Files */ = {
			isa = PBXGroup;
			children = (
				84E88BA319069A1800449739 /* MasterDetail-Info.plist */,
				84E88BA419069A1800449739 /* InfoPlist.strings */,
				84E88BA719069A1800449739 /* main.m */,
				84E88BA919069A1800449739 /* MasterDetail-Prefix.pch */,
			);
			name = "Supporting Files";
			sourceTree = "<group>";
		};
		84E88BC619069A1800449739 /* MasterDetailTests */ = {
			isa = PBXGroup;
			children = (
				84E88BCC19069A1800449739 /* MasterDetailTests.m */,
				84E88BC719069A1800449739 /* Supporting Files */,
			);
			path = MasterDetailTests;
			sourceTree = "<group>";
		};
		84E88BC719069A1800449739 /* Supporting Files */ = {
			isa = PBXGroup;
			children = (
				84E88BC819069A1800449739 /* MasterDetailTests-Info.plist */,
				84E88BC919069A1800449739 /* InfoPlist.strings */,
			);
			name = "Supporting Files";
			sourceTree = "<group>";
		};
/* End PBXGroup section */

/* Begin PBXNativeTarget section */
		84E88B9719069A1800449739 /* MasterDetail */ = {
			isa = PBXNativeTarget;
			buildConfigurationList = 84E88BD019069A1800449739 /* Build configuration list for PBXNativeTarget "MasterDetail" */;
			buildPhases = (
				84E88B9419069A1800449739 /* Sources */,
				84E88B9519069A1800449739 /* Frameworks */,
				84E88B9619069A1800449739 /* Resources */,
			);
			buildRules = (
			);
			dependencies = (
			);
			name = MasterDetail;
			productName = MasterDetail;
			productReference = 84E88B9819069A1800449739 /* MasterDetail.app */;
			productType = "com.apple.product-type.application";
		};
		84E88BBE19069A1800449739 /* MasterDetailTests */ = {
			isa = PBXNativeTarget;
			buildConfigurationList = 84E88BD319069A1800449739 /* Build configuration list for PBXNativeTarget "MasterDetailTests" */;
			buildPhases = (
				84E88BBB19069A1800449739 /* Sources */,
				84E88BBC19069A1800449739 /* Frameworks */,
				84E88BBD19069A1800449739 /* Resources */,
			);
			buildRules = (
			);
			dependencies = (
				84E88BC519069A1800449739 /* PBXTargetDependency */,
			);
			name = MasterDetailTests;
			productName = MasterDetailTests;
			productReference = 84E88BBF19069A1800449739 /* MasterDetailTests.xctest */;
			productType = "com.apple.product-type.bundle.unit-test";
		};
/* End PBXNativeTarget section */

/* Begin PBXProject section */
		84E88B9019069A1800449739 /* Project object */ = {
			isa = PBXProject;
			attributes = {
				LastUpgradeCheck = 0510;
				ORGANIZATIONNAME = "Alexander Farber";
				TargetAttributes = {
					84E88BBE19069A1800449739 = {
						TestTargetID = 84E88B9719069A1800449739;
					};
				};
			};
			buildConfigurationList = 84E88B9319069A1800449739 /* Build configuration list for PBXProject "MasterDetail" */;
			compatibilityVersion = "Xcode 3.2";
			developmentRegion = English;
			hasScannedForEncodings = 0;
			knownRegions = (
				en,
				Base,
			);
			mainGroup = 84E88B8F19069A1800449739;
			productRefGroup = 84E88B9919069A1800449739 /* Products */;
			projectDirPath = "";
			projectRoot = "";
			targets = (
				84E88B9719069A1800449739 /* MasterDetail */,
				84E88BBE19069A1800449739 /* MasterDetailTests */,
			);
		};
/* End PBXProject section */

/* Begin PBXResourcesBuildPhase section */
		84E88B9619069A1800449739 /* Resources */ = {
			isa = PBXResourcesBuildPhase;
			buildActionMask = 2147483647;
			files = (
				84E88BB219069A1800449739 /* Main_iPad.storyboard in Resources */,
				84E88BBA19069A1800449739 /* Images.xcassets in Resources */,
				84E88BAF19069A1800449739 /* Main_iPhone.storyboard in Resources */,
				84E88BA619069A1800449739 /* InfoPlist.strings in Resources */,
			);
			runOnlyForDeploymentPostprocessing = 0;
		};
		84E88BBD19069A1800449739 /* Resources */ = {
			isa = PBXResourcesBuildPhase;
			buildActionMask = 2147483647;
			files = (
				84E88BCB19069A1800449739 /* InfoPlist.strings in Resources */,
			);
			runOnlyForDeploymentPostprocessing = 0;
		};
/* End PBXResourcesBuildPhase section */

/* Begin PBXSourcesBuildPhase section */
		84E88B9419069A1800449739 /* Sources */ = {
			isa = PBXSourcesBuildPhase;
			buildActionMask = 2147483647;
			files = (
				84E88BAC19069A1800449739 /* AppDelegate.m in Sources */,
				84E88BB519069A1800449739 /* MasterViewController.m in Sources */,
				84E88BA819069A1800449739 /* main.m in Sources */,
				84E88BB819069A1800449739 /* DetailViewController.m in Sources */,
			);
			runOnlyForDeploymentPostprocessing = 0;
		};
		84E88BBB19069A1800449739 /* Sources */ = {
			isa = PBXSourcesBuildPhase;
			buildActionMask = 2147483647;
			files = (
				84E88BCD19069A1800449739 /* MasterDetailTests.m in Sources */,
			);
			runOnlyForDeploymentPostprocessing = 0;
		};
/* End PBXSourcesBuildPhase section */

/* Begin PBXTargetDependency section */
		84E88BC519069A1800449739 /* PBXTargetDependency */ = {
			isa = PBXTargetDependency;
			target = 84E88B9719069A1800449739 /* MasterDetail */;
			targetProxy = 84E88BC419069A1800449739 /* PBXContainerItemProxy */;
		};
/* End PBXTargetDependency section */

/* Begin PBXVariantGroup section */
		84E88BA419069A1800449739 /* InfoPlist.strings */ = {
			isa = PBXVariantGroup;
			children = (
				84E88BA519069A1800449739 /* en */,
			);
			name = InfoPlist.strings;
			sourceTree = "<group>";
		};
		84E88BAD19069A1800449739 /* Main_iPhone.storyboard */ = {
			isa = PBXVariantGroup;
			children = (
				84E88BAE19069A1800449739 /* Base */,
			);
			name = Main_iPhone.storyboard;
			sourceTree = "<group>";
		};
		84E88BB019069A1800449739 /* Main_iPad.storyboard */ = {
			isa = PBXVariantGroup;
			children = (
				84E88BB119069A1800449739 /* Base */,
			);
			name = Main_iPad.storyboard;
			sourceTree = "<group>";
		};
		84E88BC919069A1800449739 /* InfoPlist.strings */ = {
			isa = PBXVariantGroup;
			children = (
				84E88BCA19069A1800449739 /* en */,
			);
			name = InfoPlist.strings;
			sourceTree = "<group>";
		};
/* End PBXVariantGroup section */

/* Begin XCBuildConfiguration section */
		84E88BCE19069A1800449739 /* Debug */ = {
			isa = XCBuildConfiguration;
			buildSettings = {
				ALWAYS_SEARCH_USER_PATHS = NO;
				CLANG_CXX_LANGUAGE_STANDARD = "gnu++0x";
				CLANG_CXX_LIBRARY = "libc++";
				CLANG_ENABLE_MODULES = YES;
				CLANG_ENABLE_OBJC_ARC = YES;
				CLANG_WARN_BOOL_CONVERSION = YES;
				CLANG_WARN_CONSTANT_CONVERSION = YES;
				CLANG_WARN_DIRECT_OBJC_ISA_USAGE = YES_ERROR;
				CLANG_WARN_EMPTY_BODY = YES;
				CLANG_WARN_ENUM_CONVERSION = YES;
				CLANG_WARN_INT_CONVERSION = YES;
				CLANG_WARN_OBJC_ROOT_CLASS = YES_ERROR;
				CLANG_WARN__DUPLICATE_METHOD_MATCH = YES;
				"CODE_SIGN_IDENTITY[sdk=iphoneos*]" = "iPhone Developer";
				COPY_PHASE_STRIP = NO;
				GCC_C_LANGUAGE_STANDARD = gnu99;
				GCC_DYNAMIC_NO_PIC = NO;
				GCC_OPTIMIZATION_LEVEL = 0;
				GCC_PREPROCESSOR_DEFINITIONS = (
					"DEBUG=1",
					"$(inherited)",
				);
				GCC_SYMBOLS_PRIVATE_EXTERN = NO;
				GCC_WARN_64_TO_32_BIT_CONVERSION = YES;
				GCC_WARN_ABOUT_RETURN_TYPE = YES_ERROR;
				GCC_WARN_UNDECLARED_SELECTOR = YES;
				GCC_WARN_UNINITIALIZED_AUTOS = YES_AGGRESSIVE;
				GCC_WARN_UNUSED_FUNCTION = YES;
				GCC_WARN_UNUSED_VARIABLE = YES;
				IPHONEOS_DEPLOYMENT_TARGET = 7.1;
				ONLY_ACTIVE_ARCH = YES;
				SDKROOT = iphoneos;
				TARGETED_DEVICE_FAMILY = "1,2";
			};
			name = Debug;
		};
		84E88BCF19069A1800449739 /* Release */ = {
			isa = XCBuildConfiguration;
			buildSettings = {
				ALWAYS_SEARCH_USER_PATHS = NO;
				CLANG_CXX_LANGUAGE_STANDARD = "gnu++0x";
				CLANG_CXX_LIBRARY = "libc++";
				CLANG_ENABLE_MODULES = YES;
				CLANG_ENABLE_OBJC_ARC = YES;
				CLANG_WARN_BOOL_CONVERSION = YES;
				CLANG_WARN_CONSTANT_CONVERSION = YES;
				CLANG_WARN_DIRECT_OBJC_ISA_USAGE = YES_ERROR;
				CLANG_WARN_EMPTY_BODY = YES;
				CLANG_WARN_ENUM_CONVERSION = YES;
				CLANG_WARN_INT_CONVERSION = YES;
				CLANG_WARN_OBJC_ROOT_CLASS = YES_ERROR;
				CLANG_WARN__DUPLICATE_METHOD_MATCH = YES;
				"CODE_SIGN_IDENTITY[sdk=iphoneos*]" = "iPhone Developer";
				COPY_PHASE_STRIP = YES;
				ENABLE_NS_ASSERTIONS = NO;
				GCC_C_LANGUAGE_STANDARD = gnu99;
				GCC_WARN_64_TO_32_BIT_CONVERSION = YES;
				GCC_WARN_ABOUT_RETURN_TYPE = YES_ERROR;
				GCC_WARN_UNDECLARED_SELECTOR = YES;
				GCC_WARN_UNINITIALIZED_AUTOS = YES_AGGRESSIVE;
				GCC_WARN_UNUSED_FUNCTION = YES;
				GCC_WARN_UNUSED_VARIABLE = YES;
				IPHONEOS_DEPLOYMENT_TARGET = 7.1;
				SDKROOT = iphoneos;
				TARGETED_DEVICE_FAMILY = "1,2";
				VALIDATE_PRODUCT = YES;
			};
			name = Release;
		};
		84E88BD119069A1800449739 /* Debug */ = {
			isa = XCBuildConfiguration;
			buildSettings = {
				ASSETCATALOG_COMPILER_APPICON_NAME = AppIcon;
				ASSETCATALOG_COMPILER_LAUNCHIMAGE_NAME = LaunchImage;
				GCC_PRECOMPILE_PREFIX_HEADER = YES;
				GCC_PREFIX_HEADER = "MasterDetail/MasterDetail-Prefix.pch";
				INFOPLIST_FILE = "MasterDetail/MasterDetail-Info.plist";
				PRODUCT_NAME = "$(TARGET_NAME)";
				WRAPPER_EXTENSION = app;
			};
			name = Debug;
		};
		84E88BD219069A1800449739 /* Release */ = {
			isa = XCBuildConfiguration;
			buildSettings = {
				ASSETCATALOG_COMPILER_APPICON_NAME = AppIcon;
				ASSETCATALOG_COMPILER_LAUNCHIMAGE_NAME = LaunchImage;
				GCC_PRECOMPILE_PREFIX_HEADER = YES;
				GCC_PREFIX_HEADER = "MasterDetail/MasterDetail-Prefix.pch";
				INFOPLIST_FILE = "MasterDetail/MasterDetail-Info.plist";
				PRODUCT_NAME = "$(TARGET_NAME)";
				WRAPPER_EXTENSION = app;
			};
			name = Release;
		};
		84E88BD419069A1800449739 /* Debug */ = {
			isa = XCBuildConfiguration;
			buildSettings = {
				BUNDLE_LOADER = "$(BUILT_PRODUCTS_DIR)/MasterDetail.app/MasterDetail";
				FRAMEWORK_SEARCH_PATHS = (
					"$(SDKROOT)/Developer/Library/Frameworks",
					"$(inherited)",
					"$(DEVELOPER_FRAMEWORKS_DIR)",
				);
				GCC_PRECOMPILE_PREFIX_HEADER = YES;
				GCC_PREFIX_HEADER = "MasterDetail/MasterDetail-Prefix.pch";
				GCC_PREPROCESSOR_DEFINITIONS = (
					"DEBUG=1",
					"$(inherited)",
				);
				INFOPLIST_FILE = "MasterDetailTests/MasterDetailTests-Info.plist";
				PRODUCT_NAME = "$(TARGET_NAME)";
				TEST_HOST = "$(BUNDLE_LOADER)";
				WRAPPER_EXTENSION = xctest;
			};
			name = Debug;
		};
		84E88BD519069A1800449739 /* Release */ = {
			isa = XCBuildConfiguration;
			buildSettings = {
				BUNDLE_LOADER = "$(BUILT_PRODUCTS_DIR)/MasterDetail.app/MasterDetail";
				FRAMEWORK_SEARCH_PATHS = (
					"$(SDKROOT)/Developer/Library/Frameworks",
					"$(inherited)",
					"$(DEVELOPER_FRAMEWORKS_DIR)",
				);
				GCC_PRECOMPILE_PREFIX_HEADER = YES;
				GCC_PREFIX_HEADER = "MasterDetail/MasterDetail-Prefix.pch";
				INFOPLIST_FILE = "MasterDetailTests/MasterDetailTests-Info.plist";
				PRODUCT_NAME = "$(TARGET_NAME)";
				TEST_HOST = "$(BUNDLE_LOADER)";
				WRAPPER_EXTENSION = xctest;
			};
			name = Release;
		};
/* End XCBuildConfiguration section */

/* Begin XCConfigurationList section */
		84E88B9319069A1800449739 /* Build configuration list for PBXProject "MasterDetail" */ = {
			isa = XCConfigurationList;
			buildConfigurations = (
				84E88BCE19069A1800449739 /* Debug */,
				84E88BCF19069A1800449739 /* Release */,
			);
			defaultConfigurationIsVisible = 0;
			defaultConfigurationName = Release;
		};
		84E88BD019069A1800449739 /* Build configuration list for PBXNativeTarget "MasterDetail" */ = {
			isa = XCConfigurationList;
			buildConfigurations = (
				84E88BD119069A1800449739 /* Debug */,
				84E88BD219069A1800449739 /* Release */,
			);
			defaultConfigurationIsVisible = 0;
		};
		84E88BD319069A1800449739 /* Build configuration list for PBXNativeTarget "MasterDetailTests" */ = {
			isa = XCConfigurationList;
			buildConfigurations = (
				84E88BD419069A1800449739 /* Debug */,
				84E88BD519069A1800449739 /* Release */,
			);
			defaultConfigurationIsVisible = 0;
		};
/* End XCConfigurationList section */
	};
	rootObject = 84E88B9019069A1800449739 /* Project object */;
}
